
Microsoft Visual Studio Solution File, Format Version 12.00
# Visual Studio Version 16
VisualStudioVersion = 16.0.29123.89
MinimumVisualStudioVersion = 10.0.40219.1
Project("{9A19103F-16F7-4668-BE54-9A1E7A4F7556}") = "RazorComponentDemos", "RazorComponentDemos\RazorComponentDemos.csproj", "{186EFBDC-9655-4340-8E1D-EF71EE477CE5}"
EndProject
Global
	GlobalSection(SolutionConfigurationPlatforms) = preSolution
		Debug|Any CPU = Debug|Any CPU
		Release|Any CPU = Release|Any CPU
	EndGlobalSection
	GlobalSection(ProjectConfigurationPlatforms) = postSolution
		{186EFBDC-9655-4340-8E1D-EF71EE477CE5}.Debug|Any CPU.ActiveCfg = Debug|Any CPU
		{186EFBDC-9655-4340-8E1D-EF71EE477CE5}.Debug|Any CPU.Build.0 = Debug|Any CPU
		{186EFBDC-9655-4340-8E1D-EF71EE477CE5}.Release|Any CPU.ActiveCfg = Release|Any CPU
		{186EFBDC-9655-4340-8E1D-EF71EE477CE5}.Release|Any CPU.Build.0 = Release|Any CPU
	EndGlobalSection
	GlobalSection(SolutionProperties) = preSolution
		HideSolutionNode = FALSE
	EndGlobalSection
	GlobalSection(ExtensibilityGlobals) = postSolution
		SolutionGuid = {F085CBB6-7112-4A89-9BDD-E2707ED77BB9}
	EndGlobalSection
EndGlobal
